
Microsoft Visual Studio Solution File, Format Version 12.00
# Visual Studio 15
VisualStudioVersion = 15.0.28307.572
MinimumVisualStudioVersion = 10.0.40219.1
Project("{FAE04EC0-301F-11D3-BF4B-00C04F79EFBC}") = "math_expressions", "math_expressions\math_expressions.csproj", "{0629D4E9-7AA7-48B7-AA8A-15B008D0BA95}"
EndProject
Global
	GlobalSection(SolutionConfigurationPlatforms) = preSolution
		Debug|Any CPU = Debug|Any CPU
		Release|Any CPU = Release|Any CPU
	EndGlobalSection
	GlobalSection(ProjectConfigurationPlatforms) = postSolution
		{0629D4E9-7AA7-48B7-AA8A-15B008D0BA95}.Debug|Any CPU.ActiveCfg = Debug|Any CPU
		{0629D4E9-7AA7-48B7-AA8A-15B008D0BA95}.Debug|Any CPU.Build.0 = Debug|Any CPU
		{0629D4E9-7AA7-48B7-AA8A-15B008D0BA95}.Release|Any CPU.ActiveCfg = Release|Any CPU
		{0629D4E9-7AA7-48B7-AA8A-15B008D0BA95}.Release|Any CPU.Build.0 = Release|Any CPU
	EndGlobalSection
	GlobalSection(SolutionProperties) = preSolution
		HideSolutionNode = FALSE
	EndGlobalSection
	GlobalSection(ExtensibilityGlobals) = postSolution
		SolutionGuid = {CB3E24C7-5620-49C9-8819-FF4DA916CD71}
	EndGlobalSection
EndGlobal
